
Microsoft Visual Studio Solution File, Format Version 12.00
# Visual Studio Version 18
VisualStudioVersion = 18.1.11304.174 d18.0
MinimumVisualStudioVersion = 10.0.40219.1
Project("{FAE04EC0-301F-11D3-BF4B-00C04F79EFBC}") = "AisinIX.CSIRT.CompanyRoleMember", "AisinIX.CSIRT.CompanyRoleMember\AisinIX.CSIRT.CompanyRoleMember.csproj", "{9AFE2D43-2311-4B1A-BA2B-90FA828D4ECA}"
EndProject
Project("{FAE04EC0-301F-11D3-BF4B-00C04F79EFBC}") = "AisinIX.CSIRT.WebApi", "AisinIX.CSIRT.WebApi\AisinIX.CSIRT.WebApi.csproj", "{74B27225-12E7-41F2-9FB7-6639FD3B37E6}"
EndProject
Project("{FAE04EC0-301F-11D3-BF4B-00C04F79EFBC}") = "AisinIX.CSIRT.Company", "AisinIX.CSIRT.Company\AisinIX.CSIRT.Company.csproj", "{14C3A300-4B95-A8C5-7016-E69713E532DC}"
EndProject
Project("{FAE04EC0-301F-11D3-BF4B-00C04F79EFBC}") = "AisinIX.CSIRT.Common", "AisinIX.CSIRT.Common\AisinIX.CSIRT.Common.csproj", "{FB53ADFB-9756-4B03-7B2D-60835BD47729}"
EndProject
Project("{FAE04EC0-301F-11D3-BF4B-00C04F79EFBC}") = "AisinIX.CSIRT.CompanyRoleOps", "AisinIX.CSIRT.CompanyRoleOps\AisinIX.CSIRT.CompanyRoleOps.csproj", "{4682F03E-63B5-458B-8DBF-8B3692882CC2}"
EndProject
Project("{FAE04EC0-301F-11D3-BF4B-00C04F79EFBC}") = "AisinIX.CSIRT.CompanyPermission", "AisinIX.CSIRT.CompanyPermission\AisinIX.CSIRT.CompanyPermission.csproj", "{5150CA29-5952-6D8A-4F2D-9BF9776BBD57}"
EndProject
Project("{FAE04EC0-301F-11D3-BF4B-00C04F79EFBC}") = "AisinIX.CSIRT.InformationSecurity", "AisinIX.CSIRT.InformationSecurity\AisinIX.CSIRT.InformationSecurity.csproj", "{5C719D90-2B03-57B7-6260-7B98BC4A1E7C}"
EndProject
Global
	GlobalSection(SolutionConfigurationPlatforms) = preSolution
		Debug|Any CPU = Debug|Any CPU
		Debug|x64 = Debug|x64
		Debug|x86 = Debug|x86
		Release|Any CPU = Release|Any CPU
		Release|x64 = Release|x64
		Release|x86 = Release|x86
	EndGlobalSection
	GlobalSection(ProjectConfigurationPlatforms) = postSolution
		{9AFE2D43-2311-4B1A-BA2B-90FA828D4ECA}.Debug|Any CPU.ActiveCfg = Debug|Any CPU
		{9AFE2D43-2311-4B1A-BA2B-90FA828D4ECA}.Debug|Any CPU.Build.0 = Debug|Any CPU
		{9AFE2D43-2311-4B1A-BA2B-90FA828D4ECA}.Debug|x64.ActiveCfg = Debug|Any CPU
		{9AFE2D43-2311-4B1A-BA2B-90FA828D4ECA}.Debug|x64.Build.0 = Debug|Any CPU
		{9AFE2D43-2311-4B1A-BA2B-90FA828D4ECA}.Debug|x86.ActiveCfg = Debug|Any CPU
		{9AFE2D43-2311-4B1A-BA2B-90FA828D4ECA}.Debug|x86.Build.0 = Debug|Any CPU
		{9AFE2D43-2311-4B1A-BA2B-90FA828D4ECA}.Release|Any CPU.ActiveCfg = Release|Any CPU
		{9AFE2D43-2311-4B1A-BA2B-90FA828D4ECA}.Release|Any CPU.Build.0 = Release|Any CPU
		{9AFE2D43-2311-4B1A-BA2B-90FA828D4ECA}.Release|x64.ActiveCfg = Release|Any CPU
		{9AFE2D43-2311-4B1A-BA2B-90FA828D4ECA}.Release|x64.Build.0 = Release|Any CPU
		{9AFE2D43-2311-4B1A-BA2B-90FA828D4ECA}.Release|x86.ActiveCfg = Release|Any CPU
		{9AFE2D43-2311-4B1A-BA2B-90FA828D4ECA}.Release|x86.Build.0 = Release|Any CPU
		{74B27225-12E7-41F2-9FB7-6639FD3B37E6}.Debug|Any CPU.ActiveCfg = Debug|Any CPU
		{74B27225-12E7-41F2-9FB7-6639FD3B37E6}.Debug|Any CPU.Build.0 = Debug|Any CPU
		{74B27225-12E7-41F2-9FB7-6639FD3B37E6}.Debug|x64.ActiveCfg = Debug|Any CPU
		{74B27225-12E7-41F2-9FB7-6639FD3B37E6}.Debug|x64.Build.0 = Debug|Any CPU
		{74B27225-12E7-41F2-9FB7-6639FD3B37E6}.Debug|x86.ActiveCfg = Debug|Any CPU
		{74B27225-12E7-41F2-9FB7-6639FD3B37E6}.Debug|x86.Build.0 = Debug|Any CPU
		{74B27225-12E7-41F2-9FB7-6639FD3B37E6}.Release|Any CPU.ActiveCfg = Release|Any CPU
		{74B27225-12E7-41F2-9FB7-6639FD3B37E6}.Release|Any CPU.Build.0 = Release|Any CPU
		{74B27225-12E7-41F2-9FB7-6639FD3B37E6}.Release|x64.ActiveCfg = Release|Any CPU
		{74B27225-12E7-41F2-9FB7-6639FD3B37E6}.Release|x64.Build.0 = Release|Any CPU
		{74B27225-12E7-41F2-9FB7-6639FD3B37E6}.Release|x86.ActiveCfg = Release|Any CPU
		{74B27225-12E7-41F2-9FB7-6639FD3B37E6}.Release|x86.Build.0 = Release|Any CPU
		{14C3A300-4B95-A8C5-7016-E69713E532DC}.Debug|Any CPU.ActiveCfg = Debug|Any CPU
		{14C3A300-4B95-A8C5-7016-E69713E532DC}.Debug|Any CPU.Build.0 = Debug|Any CPU
		{14C3A300-4B95-A8C5-7016-E69713E532DC}.Debug|x64.ActiveCfg = Debug|Any CPU
		{14C3A300-4B95-A8C5-7016-E69713E532DC}.Debug|x64.Build.0 = Debug|Any CPU
		{14C3A300-4B95-A8C5-7016-E69713E532DC}.Debug|x86.ActiveCfg = Debug|Any CPU
		{14C3A300-4B95-A8C5-7016-E69713E532DC}.Debug|x86.Build.0 = Debug|Any CPU
		{14C3A300-4B95-A8C5-7016-E69713E532DC}.Release|Any CPU.ActiveCfg = Release|Any CPU
		{14C3A300-4B95-A8C5-7016-E69713E532DC}.Release|Any CPU.Build.0 = Release|Any CPU
		{14C3A300-4B95-A8C5-7016-E69713E532DC}.Release|x64.ActiveCfg = Release|Any CPU
		{14C3A300-4B95-A8C5-7016-E69713E532DC}.Release|x64.Build.0 = Release|Any CPU
		{14C3A300-4B95-A8C5-7016-E69713E532DC}.Release|x86.ActiveCfg = Release|Any CPU
		{14C3A300-4B95-A8C5-7016-E69713E532DC}.Release|x86.Build.0 = Release|Any CPU
		{FB53ADFB-9756-4B03-7B2D-60835BD47729}.Debug|Any CPU.ActiveCfg = Debug|Any CPU
		{FB53ADFB-9756-4B03-7B2D-60835BD47729}.Debug|Any CPU.Build.0 = Debug|Any CPU
		{FB53ADFB-9756-4B03-7B2D-60835BD47729}.Debug|x64.ActiveCfg = Debug|Any CPU
		{FB53ADFB-9756-4B03-7B2D-60835BD47729}.Debug|x64.Build.0 = Debug|Any CPU
		{FB53ADFB-9756-4B03-7B2D-60835BD47729}.Debug|x86.ActiveCfg = Debug|Any CPU
		{FB53ADFB-9756-4B03-7B2D-60835BD47729}.Debug|x86.Build.0 = Debug|Any CPU
		{FB53ADFB-9756-4B03-7B2D-60835BD47729}.Release|Any CPU.ActiveCfg = Release|Any CPU
		{FB53ADFB-9756-4B03-7B2D-60835BD47729}.Release|Any CPU.Build.0 = Release|Any CPU
		{FB53ADFB-9756-4B03-7B2D-60835BD47729}.Release|x64.ActiveCfg = Release|Any CPU
		{FB53ADFB-9756-4B03-7B2D-60835BD47729}.Release|x64.Build.0 = Release|Any CPU
		{FB53ADFB-9756-4B03-7B2D-60835BD47729}.Release|x86.ActiveCfg = Release|Any CPU
		{FB53ADFB-9756-4B03-7B2D-60835BD47729}.Release|x86.Build.0 = Release|Any CPU
		{4682F03E-63B5-458B-8DBF-8B3692882CC2}.Debug|Any CPU.ActiveCfg = Debug|Any CPU
		{4682F03E-63B5-458B-8DBF-8B3692882CC2}.Debug|Any CPU.Build.0 = Debug|Any CPU
		{4682F03E-63B5-458B-8DBF-8B3692882CC2}.Debug|x64.ActiveCfg = Debug|Any CPU
		{4682F03E-63B5-458B-8DBF-8B3692882CC2}.Debug|x64.Build.0 = Debug|Any CPU
		{4682F03E-63B5-458B-8DBF-8B3692882CC2}.Debug|x86.ActiveCfg = Debug|Any CPU
		{4682F03E-63B5-458B-8DBF-8B3692882CC2}.Debug|x86.Build.0 = Debug|Any CPU
		{4682F03E-63B5-458B-8DBF-8B3692882CC2}.Release|Any CPU.ActiveCfg = Release|Any CPU
		{4682F03E-63B5-458B-8DBF-8B3692882CC2}.Release|Any CPU.Build.0 = Release|Any CPU
		{4682F03E-63B5-458B-8DBF-8B3692882CC2}.Release|x64.ActiveCfg = Release|Any CPU
		{4682F03E-63B5-458B-8DBF-8B3692882CC2}.Release|x64.Build.0 = Release|Any CPU
		{4682F03E-63B5-458B-8DBF-8B3692882CC2}.Release|x86.ActiveCfg = Release|Any CPU
		{4682F03E-63B5-458B-8DBF-8B3692882CC2}.Release|x86.Build.0 = Release|Any CPU
		{5150CA29-5952-6D8A-4F2D-9BF9776BBD57}.Debug|Any CPU.ActiveCfg = Debug|Any CPU
		{5150CA29-5952-6D8A-4F2D-9BF9776BBD57}.Debug|Any CPU.Build.0 = Debug|Any CPU
		{5150CA29-5952-6D8A-4F2D-9BF9776BBD57}.Debug|x64.ActiveCfg = Debug|Any CPU
		{5150CA29-5952-6D8A-4F2D-9BF9776BBD57}.Debug|x64.Build.0 = Debug|Any CPU
		{5150CA29-5952-6D8A-4F2D-9BF9776BBD57}.Debug|x86.ActiveCfg = Debug|Any CPU
		{5150CA29-5952-6D8A-4F2D-9BF9776BBD57}.Debug|x86.Build.0 = Debug|Any CPU
		{5150CA29-5952-6D8A-4F2D-9BF9776BBD57}.Release|Any CPU.ActiveCfg = Release|Any CPU
		{5150CA29-5952-6D8A-4F2D-9BF9776BBD57}.Release|Any CPU.Build.0 = Release|Any CPU
		{5150CA29-5952-6D8A-4F2D-9BF9776BBD57}.Release|x64.ActiveCfg = Release|Any CPU
		{5150CA29-5952-6D8A-4F2D-9BF9776BBD57}.Release|x64.Build.0 = Release|Any CPU
		{5150CA29-5952-6D8A-4F2D-9BF9776BBD57}.Release|x86.ActiveCfg = Release|Any CPU
		{5150CA29-5952-6D8A-4F2D-9BF9776BBD57}.Release|x86.Build.0 = Release|Any CPU
		{5C719D90-2B03-57B7-6260-7B98BC4A1E7C}.Debug|Any CPU.ActiveCfg = Debug|Any CPU
		{5C719D90-2B03-57B7-6260-7B98BC4A1E7C}.Debug|Any CPU.Build.0 = Debug|Any CPU
		{5C719D90-2B03-57B7-6260-7B98BC4A1E7C}.Debug|x64.ActiveCfg = Debug|Any CPU
		{5C719D90-2B03-57B7-6260-7B98BC4A1E7C}.Debug|x64.Build.0 = Debug|Any CPU
		{5C719D90-2B03-57B7-6260-7B98BC4A1E7C}.Debug|x86.ActiveCfg = Debug|Any CPU
		{5C719D90-2B03-57B7-6260-7B98BC4A1E7C}.Debug|x86.Build.0 = Debug|Any CPU
		{5C719D90-2B03-57B7-6260-7B98BC4A1E7C}.Release|Any CPU.ActiveCfg = Release|Any CPU
		{5C719D90-2B03-57B7-6260-7B98BC4A1E7C}.Release|Any CPU.Build.0 = Release|Any CPU
		{5C719D90-2B03-57B7-6260-7B98BC4A1E7C}.Release|x64.ActiveCfg = Release|Any CPU
		{5C719D90-2B03-57B7-6260-7B98BC4A1E7C}.Release|x64.Build.0 = Release|Any CPU
		{5C719D90-2B03-57B7-6260-7B98BC4A1E7C}.Release|x86.ActiveCfg = Release|Any CPU
		{5C719D90-2B03-57B7-6260-7B98BC4A1E7C}.Release|x86.Build.0 = Release|Any CPU
	EndGlobalSection
	GlobalSection(SolutionProperties) = preSolution
		HideSolutionNode = FALSE
	EndGlobalSection
	GlobalSection(ExtensibilityGlobals) = postSolution
		SolutionGuid = {A80A232C-0483-4AA0-9F73-42A6EB4B05F3}
	EndGlobalSection
EndGlobal
